<?xml version="1.0" encoding="utf-8"?>
<Project ToolsVersion="4.0" xmlns="http://schemas.microsoft.com/developer/msbuild/2003">
  <ItemGroup>
    <Filter Include="Исходные файлы">
      <UniqueIdentifier>{4FC737F1-C7A5-4376-A066-2A32D752A2FF}</UniqueIdentifier>
      <Extensions>cpp;c;cc;cxx;def;odl;idl;hpj;bat;asm;asmx</Extensions>
    </Filter>
    <Filter Include="Файлы заголовков">
      <UniqueIdentifier>{93995380-89BD-4b04-88EB-625FBE52EBFB}</UniqueIdentifier>
      <Extensions>h;hh;hpp;hxx;hm;inl;inc;ipp;xsd</Extensions>
    </Filter>
    <Filter Include="Файлы ресурсов">
      <UniqueIdentifier>{67DA6AB6-F800-4c08-8B7A-83BB121AAD01}</UniqueIdentifier>
      <Extensions>rc;ico;cur;bmp;dlg;rc2;rct;bin;rgs;gif;jpg;jpeg;jpe;resx;tiff;tif;png;wav;mfcribbon-ms</Extensions>
    </Filter>
    <Filter Include="Исходные файлы\app">
      <UniqueIdentifier>{eee38851-61a8-4d52-80ab-a8aa5485d2d8}</UniqueIdentifier>
    </Filter>
    <Filter Include="Файлы заголовков\app">
      <UniqueIdentifier>{7ec008ff-d94e-4282-99f8-b8d943b7e96c}</UniqueIdentifier>
    </Filter>
    <Filter Include="Исходные файлы\util">
      <UniqueIdentifier>{d755dbb0-8ca0-4257-89f6-dab3c21ac8fa}</UniqueIdentifier>
    </Filter>
    <Filter Include="Файлы заголовков\util">
      <UniqueIdentifier>{5aa8452e-2c4f-43e3-86fc-61dd99a39d3d}</UniqueIdentifier>
    </Filter>
    <Filter Include="Исходные файлы\media">
      <UniqueIdentifier>{3cbdcf84-bc49-47f5-8690-1accdec5f6b6}</UniqueIdentifier>
    </Filter>
    <Filter Include="Файлы заголовков\media">
      <UniqueIdentifier>{21cea8d5-7a2a-42da-85e7-a87ff2afaf0b}</UniqueIdentifier>
    </Filter>
    <Filter Include="Исходные файлы\object">
      <UniqueIdentifier>{e09b1629-732a-4f75-930a-199c62abb887}</UniqueIdentifier>
    </Filter>
    <Filter Include="Файлы заголовков\object">
      <UniqueIdentifier>{5bb4eee7-4fc3-4d31-8b9d-8d7ba3ff52cc}</UniqueIdentifier>
    </Filter>
    <Filter Include="Файлы ресурсов\sprites">
      <UniqueIdentifier>{e41b216e-cbc8-4c3b-ad5f-992070cb81d7}</UniqueIdentifier>
    </Filter>
  </ItemGroup>
  <ItemGroup>
    <ClCompile Include="main.cpp">
      <Filter>Исходные файлы</Filter>
    </ClCompile>
    <ClCompile Include="app\application.cpp">
      <Filter>Исходные файлы\app</Filter>
    </ClCompile>
    <ClCompile Include="app\settings.cpp">
      <Filter>Исходные файлы\app</Filter>
    </ClCompile>
    <ClCompile Include="media\resource_manager.cpp">
      <Filter>Исходные файлы\media</Filter>
    </ClCompile>
    <ClCompile Include="media\sprite.cpp">
      <Filter>Исходные файлы\media</Filter>
    </ClCompile>
    <ClCompile Include="object\camera.cpp">
      <Filter>Исходные файлы\object</Filter>
    </ClCompile>
    <ClCompile Include="media\render_manager.cpp">
      <Filter>Исходные файлы\media</Filter>
    </ClCompile>
    <ClCompile Include="util\transformation.cpp">
      <Filter>Исходные файлы\util</Filter>
    </ClCompile>
    <ClCompile Include="object\field.cpp">
      <Filter>Исходные файлы\object</Filter>
    </ClCompile>
    <ClCompile Include="media\animation.cpp">
      <Filter>Исходные файлы\media</Filter>
    </ClCompile>
    <ClCompile Include="object\dynamic_object.cpp">
      <Filter>Исходные файлы\object</Filter>
    </ClCompile>
    <ClCompile Include="object\hero.cpp">
      <Filter>Исходные файлы\object</Filter>
    </ClCompile>
    <ClCompile Include="object\player.cpp">
      <Filter>Исходные файлы\object</Filter>
    </ClCompile>
    <ClCompile Include="app\simulation.cpp">
      <Filter>Исходные файлы\app</Filter>
    </ClCompile>
    <ClCompile Include="object\position.cpp">
      <Filter>Исходные файлы\object</Filter>
    </ClCompile>
    <ClCompile Include="app\priority_tree.cpp">
      <Filter>Исходные файлы\app</Filter>
    </ClCompile>
    <ClCompile Include="app\path_searching.cpp">
      <Filter>Исходные файлы\app</Filter>
    </ClCompile>
  </ItemGroup>
  <ItemGroup>
    <ClInclude Include="app\application.h">
      <Filter>Файлы заголовков\app</Filter>
    </ClInclude>
    <ClInclude Include="app\settings.h">
      <Filter>Файлы заголовков\app</Filter>
    </ClInclude>
    <ClInclude Include="util\xml_attribute.h">
      <Filter>Файлы заголовков\util</Filter>
    </ClInclude>
    <ClInclude Include="media\resource_manager.h">
      <Filter>Файлы заголовков\media</Filter>
    </ClInclude>
    <ClInclude Include="media\sprite.h">
      <Filter>Файлы заголовков\media</Filter>
    </ClInclude>
    <ClInclude Include="object\camera.h">
      <Filter>Файлы заголовков\object</Filter>
    </ClInclude>
    <ClInclude Include="media\render_manager.h">
      <Filter>Файлы заголовков\media</Filter>
    </ClInclude>
    <ClInclude Include="util\transformation.h">
      <Filter>Файлы заголовков\util</Filter>
    </ClInclude>
    <ClInclude Include="object\field.h">
      <Filter>Файлы заголовков\object</Filter>
    </ClInclude>
    <ClInclude Include="object\dynamic_object.h">
      <Filter>Файлы заголовков\object</Filter>
    </ClInclude>
    <ClInclude Include="media\animation.h">
      <Filter>Файлы заголовков\media</Filter>
    </ClInclude>
    <ClInclude Include="object\position.h">
      <Filter>Файлы заголовков\object</Filter>
    </ClInclude>
    <ClInclude Include="object\hero.h">
      <Filter>Файлы заголовков\object</Filter>
    </ClInclude>
    <ClInclude Include="object\fireball.h">
      <Filter>Файлы заголовков\object</Filter>
    </ClInclude>
    <ClInclude Include="object\player.h">
      <Filter>Файлы заголовков\object</Filter>
    </ClInclude>
    <ClInclude Include="app\simulation.h">
      <Filter>Файлы заголовков\app</Filter>
    </ClInclude>
    <ClInclude Include="app\priority_tree.h">
      <Filter>Файлы заголовков\app</Filter>
    </ClInclude>
    <ClInclude Include="app\path_searching.h">
      <Filter>Файлы заголовков\app</Filter>
    </ClInclude>
  </ItemGroup>
  <ItemGroup>
    <Xml Include="settings.xml">
      <Filter>Файлы ресурсов</Filter>
    </Xml>
    <Xml Include="sprites\tiles.xml">
      <Filter>Файлы ресурсов\sprites</Filter>
    </Xml>
    <Xml Include="sprites\player.xml">
      <Filter>Файлы ресурсов\sprites</Filter>
    </Xml>
  </ItemGroup>
</Project>